# THIS IS AN AUTOGENERATED FILE. DO NOT EDIT THIS FILE DIRECTLY.
# yarn lockfile v1


"@ckeditor/ckeditor5-core@^11.0.0", "@ckeditor/ckeditor5-core@^11.1.0":
  version "11.1.0"
  resolved "https://registry.yarnpkg.com/@ckeditor/ckeditor5-core/-/ckeditor5-core-11.1.0.tgz#e2ff1e399a0024a2343c750f2796606196167f1a"
  integrity sha512-iwSV1SUBITOxncuIVbGv/xFwkZ1Sd0Po/8CRn+p6r5mq91T73L6nMC+MUfT52W9Z/12DfjAz4hRMsabLqRbkIQ==
  dependencies:
    "@ckeditor/ckeditor5-engine" "^12.0.0"
    "@ckeditor/ckeditor5-utils" "^11.1.0"
    lodash-es "^4.17.10"

"@ckeditor/ckeditor5-editor-classic@^11.0.0":
  version "11.0.2"
  resolved "https://registry.yarnpkg.com/@ckeditor/ckeditor5-editor-classic/-/ckeditor5-editor-classic-11.0.2.tgz#4aea352883fe5049b092fc6809c4b786ad5083ae"
  integrity sha512-RdQ3CHkK3M0pdj8YbC1jx1kfGZ4zv82Rthd1S2h0h1cS5Db/9xA2p/zz3G3nSq8ctWv7P9qeW6UleWTZ9nQJLg==
  dependencies:
    "@ckeditor/ckeditor5-core" "^11.1.0"
    "@ckeditor/ckeditor5-engine" "^12.0.0"
    "@ckeditor/ckeditor5-theme-lark" "^12.0.0"
    "@ckeditor/ckeditor5-ui" "^11.2.0"
    "@ckeditor/ckeditor5-utils" "^11.1.0"
    lodash-es "^4.17.10"

"@ckeditor/ckeditor5-engine@^10.2.0":
  version "10.2.0"
  resolved "https://registry.yarnpkg.com/@ckeditor/ckeditor5-engine/-/ckeditor5-engine-10.2.0.tgz#f4cf448c0482233557f48d4b9a97baa571c0e9cc"
  integrity sha512-QHXozzZ3Ppzc/8yuu3/dcdwz65kWK81iCiadCgTTi+y7ts2i7GjmWSG4Xb0jOeXEbKEKnkWJ9UVO+V7efs8c0g==
  dependencies:
    "@ckeditor/ckeditor5-utils" "^10.2.0"

"@ckeditor/ckeditor5-engine@^12.0.0":
  version "12.0.0"
  resolved "https://registry.yarnpkg.com/@ckeditor/ckeditor5-engine/-/ckeditor5-engine-12.0.0.tgz#89f6adeb36ad21841166af542ba2bb940e065307"
  integrity sha512-tRgI4kyPq4UaS9eIZoeMhzNwOKqNV/HC6dAD5JZxghnPsuqAwGlOjGygGVCje7j8I3byTFgaxS5xWFwwnn3fqQ==
  dependencies:
    "@ckeditor/ckeditor5-utils" "^11.1.0"
    lodash-es "^4.17.10"

"@ckeditor/ckeditor5-theme-lark@^12.0.0":
  version "12.0.0"
  resolved "https://registry.yarnpkg.com/@ckeditor/ckeditor5-theme-lark/-/ckeditor5-theme-lark-12.0.0.tgz#db87a8f0215f374b4e50d07c8b4ad88352ddd4ec"
  integrity sha512-+ZemhL8jpvUNgS3JdkP4eLR+au8/GQcjiwExLp350CwSklOaQk5hApYB7F/3z6sLuZbjxg1M6a9/QarwQJpWDg==
  dependencies:
    "@ckeditor/ckeditor5-ui" "^11.2.0"

"@ckeditor/ckeditor5-ui@^11.0.0", "@ckeditor/ckeditor5-ui@^11.2.0":
  version "11.2.0"
  resolved "https://registry.yarnpkg.com/@ckeditor/ckeditor5-ui/-/ckeditor5-ui-11.2.0.tgz#c8de7b4b1f1f9b256b3e298f161acdb5ef168b54"
  integrity sha512-V8fxKRwfZdXy011IyxuHX+1FawboMEBBKqdoY2zdVv5zdwsMQRq5jvFUEAeowAXdc7mx0b3zKnafVNUV5Imr0g==
  dependencies:
    "@ckeditor/ckeditor5-core" "^11.1.0"
    "@ckeditor/ckeditor5-theme-lark" "^12.0.0"
    "@ckeditor/ckeditor5-utils" "^11.1.0"
    lodash-es "^4.17.10"

"@ckeditor/ckeditor5-utils@^10.2.0":
  version "10.2.1"
  resolved "https://registry.yarnpkg.com/@ckeditor/ckeditor5-utils/-/ckeditor5-utils-10.2.1.tgz#08268ddb79eddbb2b62acd4d2e04935b2dc75cc6"
  integrity sha512-cnoODoFZXF6iPkuNIz9z8ZAVDzotI+1kivYnrVDN1FkAIh1gXzJk1qqGaX6LuJ+ySbcfwT51L2L/65zaHv92pQ==
  dependencies:
    ckeditor5 "^11.0.1"

"@ckeditor/ckeditor5-utils@^11.1.0":
  version "11.1.0"
  resolved "https://registry.yarnpkg.com/@ckeditor/ckeditor5-utils/-/ckeditor5-utils-11.1.0.tgz#53535004ca9e2074fc0776b60a1706aa8af9a180"
  integrity sha512-QgjK5BHs2krdqv8OY7qR0SMEKePcLaBo+b26oh3vMuzdC0KckMytbngn+uIGRoGBiKiza5RwI51Wk4Y8zxKMxQ==
  dependencies:
    ckeditor5 "^11.2.0"
    lodash-es "^4.17.10"

ckeditor5@^11.0.1, ckeditor5@^11.2.0:
  version "11.2.0"
  resolved "https://registry.yarnpkg.com/ckeditor5/-/ckeditor5-11.2.0.tgz#480c6d65475b73772681877114da859c1c2b5cba"
  integrity sha512-hP6lxCj0bDGv/yhtdYxuASjZbho0zpVKu5x7rNHSjwcsIKeJleRf3TQCxECcG6Mhmuigf6gV4JZzOp+0zLz2rA==

lodash-es@^4.17.10:
  version "4.17.11"
  resolved "https://registry.yarnpkg.com/lodash-es/-/lodash-es-4.17.11.tgz#145ab4a7ac5c5e52a3531fb4f310255a152b4be0"
  integrity sha512-DHb1ub+rMjjrxqlB3H56/6MXtm1lSksDp2rA2cNWjG8mlDUYFhUj3Di2Zn5IwSU87xLv8tNIQ7sSwE/YOX/D/Q==
